{
  "name": "altV-yaca-js",
  "lockfileVersion": 3,
  "requires": true,
  "packages": {
    "": {
      "devDependencies": {
        "@altv/types-client": "^16.2.2",
        "@altv/types-natives": "^16.2.0",
        "@altv/types-server": "^16.2.1",
        "@altv/types-webview": "^16.2.1"
      }
    },
    "node_modules/@altv/types-client": {
      "version": "16.2.2",
      "resolved": "https://registry.npmjs.org/@altv/types-client/-/types-client-16.2.2.tgz",
      "integrity": "sha512-LH8j7zY8hg1+UoQyXeGsao+H58Wg55AVjM7xM+fUT4HXux5YCZbNIIWd/FvOL91/1gct5/WEnHXveCrmOUNhtw==",
      "dev": true,
      "peerDependencies": {
        "@altv/types-shared": "^16.2.0",
        "@altv/types-worker": "^16.2.0"
      }
    },
    "node_modules/@altv/types-natives": {
      "version": "16.2.0",
      "resolved": "https://registry.npmjs.org/@altv/types-natives/-/types-natives-16.2.0.tgz",
      "integrity": "sha512-kZ6Or14I9DLPPbSAEEDxS+Pt+Efv1lsJSCFeYemnmoQEJtVT/XbCjkwYUd9HHzbcxkyAB87DVn1toQrAjYCSxg==",
      "dev": true,
      "peerDependencies": {
        "@altv/types-client": "^16.2.0"
      }
    },
    "node_modules/@altv/types-server": {
      "version": "16.2.1",
      "resolved": "https://registry.npmjs.org/@altv/types-server/-/types-server-16.2.1.tgz",
      "integrity": "sha512-Cm1gcPPtaO/cUmdfwTw9p61bIe6tL9F0MVJDy1Y+2QPERtZDBoqiUfYLKwT7AOXMyF3scG6kX/fkpwZels9d8A==",
      "dev": true,
      "peerDependencies": {
        "@altv/types-shared": "^16.2.0"
      }
    },
    "node_modules/@altv/types-shared": {
      "version": "16.2.1",
      "resolved": "https://registry.npmjs.org/@altv/types-shared/-/types-shared-16.2.1.tgz",
      "integrity": "sha512-qQ6z58dqwmAV5UcDh5nWBaieOuhDaXNgzj63XJ3MJiR6z7ShI4onZszzEX9ALaLGdakPupWs+0pm/MJV7diZQQ==",
      "dev": true,
      "peer": true
    },
    "node_modules/@altv/types-webview": {
      "version": "16.2.1",
      "resolved": "https://registry.npmjs.org/@altv/types-webview/-/types-webview-16.2.1.tgz",
      "integrity": "sha512-JEk1+XR1ya+mYkKoF3/tLYfaHUKkL6A8gtckuuGuf4IPrKO80UVGYI+2LxvqMBKcF6aDGI3MOoD9DYV0DznWSQ==",
      "dev": true
    },
    "node_modules/@altv/types-worker": {
      "version": "16.2.0",
      "resolved": "https://registry.npmjs.org/@altv/types-worker/-/types-worker-16.2.0.tgz",
      "integrity": "sha512-l2cy7xFn4QE+XCHJyu1dJB8cziwAfi4x4S8JbpymRAAnXkMHvrZixjpyeUzNRnQGn4dNhQz6QLyUYx+LEXDtyA==",
      "dev": true,
      "peer": true,
      "peerDependencies": {
        "@altv/types-client": "^16.2.0"
      }
    }
  }
}
